
Microsoft Visual Studio Solution File, Format Version 12.00
# Visual Studio 15
VisualStudioVersion = 15.0.28010.2048
MinimumVisualStudioVersion = 10.0.40219.1
Project("{FAE04EC0-301F-11D3-BF4B-00C04F79EFBC}") = "MultiPlayer.UI", "MultiPlayer.UI\MultiPlayer.UI.csproj", "{A00AF3C4-9B04-43CE-9E6F-94406E038A73}"
EndProject
Project("{FAE04EC0-301F-11D3-BF4B-00C04F79EFBC}") = "MultiPlayer.DataAccess", "MultiPlayer.DataAccess\MultiPlayer.DataAccess.csproj", "{3275D1AD-B3DD-486C-8648-0FB1D236F65B}"
EndProject
Project("{FAE04EC0-301F-11D3-BF4B-00C04F79EFBC}") = "MultiPlayer.BusinessObjects", "MultiPlayer.BusinessObjects\MultiPlayer.BusinessObjects.csproj", "{6B585BAD-E5BC-495C-B9FE-3BDDCCC7390B}"
EndProject
Project("{FAE04EC0-301F-11D3-BF4B-00C04F79EFBC}") = "MultiPlayer.BusinessRules", "MultiPlayer.BusinessRules\MultiPlayer.BusinessRules.csproj", "{19106381-7643-45E9-8E20-CB4A6546BA4F}"
EndProject
Global
	GlobalSection(SolutionConfigurationPlatforms) = preSolution
		Debug|Any CPU = Debug|Any CPU
		Release|Any CPU = Release|Any CPU
	EndGlobalSection
	GlobalSection(ProjectConfigurationPlatforms) = postSolution
		{A00AF3C4-9B04-43CE-9E6F-94406E038A73}.Debug|Any CPU.ActiveCfg = Debug|Any CPU
		{A00AF3C4-9B04-43CE-9E6F-94406E038A73}.Debug|Any CPU.Build.0 = Debug|Any CPU
		{A00AF3C4-9B04-43CE-9E6F-94406E038A73}.Release|Any CPU.ActiveCfg = Release|Any CPU
		{A00AF3C4-9B04-43CE-9E6F-94406E038A73}.Release|Any CPU.Build.0 = Release|Any CPU
		{3275D1AD-B3DD-486C-8648-0FB1D236F65B}.Debug|Any CPU.ActiveCfg = Debug|Any CPU
		{3275D1AD-B3DD-486C-8648-0FB1D236F65B}.Debug|Any CPU.Build.0 = Debug|Any CPU
		{3275D1AD-B3DD-486C-8648-0FB1D236F65B}.Release|Any CPU.ActiveCfg = Release|Any CPU
		{3275D1AD-B3DD-486C-8648-0FB1D236F65B}.Release|Any CPU.Build.0 = Release|Any CPU
		{6B585BAD-E5BC-495C-B9FE-3BDDCCC7390B}.Debug|Any CPU.ActiveCfg = Debug|Any CPU
		{6B585BAD-E5BC-495C-B9FE-3BDDCCC7390B}.Debug|Any CPU.Build.0 = Debug|Any CPU
		{6B585BAD-E5BC-495C-B9FE-3BDDCCC7390B}.Release|Any CPU.ActiveCfg = Release|Any CPU
		{6B585BAD-E5BC-495C-B9FE-3BDDCCC7390B}.Release|Any CPU.Build.0 = Release|Any CPU
		{19106381-7643-45E9-8E20-CB4A6546BA4F}.Debug|Any CPU.ActiveCfg = Debug|Any CPU
		{19106381-7643-45E9-8E20-CB4A6546BA4F}.Debug|Any CPU.Build.0 = Debug|Any CPU
		{19106381-7643-45E9-8E20-CB4A6546BA4F}.Release|Any CPU.ActiveCfg = Release|Any CPU
		{19106381-7643-45E9-8E20-CB4A6546BA4F}.Release|Any CPU.Build.0 = Release|Any CPU
	EndGlobalSection
	GlobalSection(SolutionProperties) = preSolution
		HideSolutionNode = FALSE
	EndGlobalSection
	GlobalSection(ExtensibilityGlobals) = postSolution
		SolutionGuid = {8D7BB6F0-4C42-4E58-8E88-45C25FB7806D}
	EndGlobalSection
EndGlobal
