
Microsoft Visual Studio Solution File, Format Version 12.00
# Visual Studio 15
VisualStudioVersion = 15.0.28010.2048
MinimumVisualStudioVersion = 10.0.40219.1
Project("{FAE04EC0-301F-11D3-BF4B-00C04F79EFBC}") = "MultiPlayer.UI", "MultiPlayer.UI\MultiPlayer.UI.csproj", "{AAD190F5-ED1E-4238-A934-FA076EB31752}"
EndProject
Project("{FAE04EC0-301F-11D3-BF4B-00C04F79EFBC}") = "MultiPlayer.BusinessObjects", "MultiPlayer.BusinessObjects\MultiPlayer.BusinessObjects.csproj", "{6B585BAD-E5BC-495C-B9FE-3BDDCCC7390B}"
EndProject
Project("{FAE04EC0-301F-11D3-BF4B-00C04F79EFBC}") = "MultiPlayer.ViewModels", "MultiPlayer.ViewModels\MultiPlayer.ViewModels.csproj", "{E62641D2-27D1-48D3-8D3E-9BC4EE67F529}"
EndProject
Project("{FAE04EC0-301F-11D3-BF4B-00C04F79EFBC}") = "MultiPlayer.BusinessRules", "MultiPlayer.BusinessRules\MultiPlayer.BusinessRules.csproj", "{C4529033-F718-4778-95F4-B6DBDE0D92B1}"
EndProject
Project("{FAE04EC0-301F-11D3-BF4B-00C04F79EFBC}") = "MultiPlayer.DataAccess", "MultiPlayer.DataAccess\MultiPlayer.DataAccess.csproj", "{3275D1AD-B3DD-486C-8648-0FB1D236F65B}"
EndProject
Global
	GlobalSection(SolutionConfigurationPlatforms) = preSolution
		Debug|Any CPU = Debug|Any CPU
		Release|Any CPU = Release|Any CPU
	EndGlobalSection
	GlobalSection(ProjectConfigurationPlatforms) = postSolution
		{AAD190F5-ED1E-4238-A934-FA076EB31752}.Debug|Any CPU.ActiveCfg = Debug|Any CPU
		{AAD190F5-ED1E-4238-A934-FA076EB31752}.Debug|Any CPU.Build.0 = Debug|Any CPU
		{AAD190F5-ED1E-4238-A934-FA076EB31752}.Release|Any CPU.ActiveCfg = Release|Any CPU
		{AAD190F5-ED1E-4238-A934-FA076EB31752}.Release|Any CPU.Build.0 = Release|Any CPU
		{6B585BAD-E5BC-495C-B9FE-3BDDCCC7390B}.Debug|Any CPU.ActiveCfg = Debug|Any CPU
		{6B585BAD-E5BC-495C-B9FE-3BDDCCC7390B}.Debug|Any CPU.Build.0 = Debug|Any CPU
		{6B585BAD-E5BC-495C-B9FE-3BDDCCC7390B}.Release|Any CPU.ActiveCfg = Release|Any CPU
		{6B585BAD-E5BC-495C-B9FE-3BDDCCC7390B}.Release|Any CPU.Build.0 = Release|Any CPU
		{E62641D2-27D1-48D3-8D3E-9BC4EE67F529}.Debug|Any CPU.ActiveCfg = Debug|Any CPU
		{E62641D2-27D1-48D3-8D3E-9BC4EE67F529}.Debug|Any CPU.Build.0 = Debug|Any CPU
		{E62641D2-27D1-48D3-8D3E-9BC4EE67F529}.Release|Any CPU.ActiveCfg = Release|Any CPU
		{E62641D2-27D1-48D3-8D3E-9BC4EE67F529}.Release|Any CPU.Build.0 = Release|Any CPU
		{C4529033-F718-4778-95F4-B6DBDE0D92B1}.Debug|Any CPU.ActiveCfg = Debug|Any CPU
		{C4529033-F718-4778-95F4-B6DBDE0D92B1}.Debug|Any CPU.Build.0 = Debug|Any CPU
		{C4529033-F718-4778-95F4-B6DBDE0D92B1}.Release|Any CPU.ActiveCfg = Release|Any CPU
		{C4529033-F718-4778-95F4-B6DBDE0D92B1}.Release|Any CPU.Build.0 = Release|Any CPU
		{3275D1AD-B3DD-486C-8648-0FB1D236F65B}.Debug|Any CPU.ActiveCfg = Debug|Any CPU
		{3275D1AD-B3DD-486C-8648-0FB1D236F65B}.Debug|Any CPU.Build.0 = Debug|Any CPU
		{3275D1AD-B3DD-486C-8648-0FB1D236F65B}.Release|Any CPU.ActiveCfg = Release|Any CPU
		{3275D1AD-B3DD-486C-8648-0FB1D236F65B}.Release|Any CPU.Build.0 = Release|Any CPU
	EndGlobalSection
	GlobalSection(SolutionProperties) = preSolution
		HideSolutionNode = FALSE
	EndGlobalSection
	GlobalSection(ExtensibilityGlobals) = postSolution
		SolutionGuid = {6B5BD3EC-A1AA-4025-80EA-21FDD044DF84}
	EndGlobalSection
EndGlobal
